
Microsoft Visual Studio Solution File, Format Version 12.00
# Visual Studio Version 16
VisualStudioVersion = 16.0.29123.89
MinimumVisualStudioVersion = 10.0.40219.1
Project("{9A19103F-16F7-4668-BE54-9A1E7A4F7556}") = "MyLeasing.Web", "MyLeasing.Web\MyLeasing.Web.csproj", "{D589E45E-637F-4E54-AFCB-40C55D70886C}"
EndProject
Project("{FAE04EC0-301F-11D3-BF4B-00C04F79EFBC}") = "MyLeasing.Common", "MyLeasing.Common\MyLeasing.Common.csproj", "{3ACBE07E-349E-4993-846F-37153060167A}"
EndProject
Global
	GlobalSection(SolutionConfigurationPlatforms) = preSolution
		Debug|Any CPU = Debug|Any CPU
		Release|Any CPU = Release|Any CPU
	EndGlobalSection
	GlobalSection(ProjectConfigurationPlatforms) = postSolution
		{D589E45E-637F-4E54-AFCB-40C55D70886C}.Debug|Any CPU.ActiveCfg = Debug|Any CPU
		{D589E45E-637F-4E54-AFCB-40C55D70886C}.Debug|Any CPU.Build.0 = Debug|Any CPU
		{D589E45E-637F-4E54-AFCB-40C55D70886C}.Release|Any CPU.ActiveCfg = Release|Any CPU
		{D589E45E-637F-4E54-AFCB-40C55D70886C}.Release|Any CPU.Build.0 = Release|Any CPU
		{3ACBE07E-349E-4993-846F-37153060167A}.Debug|Any CPU.ActiveCfg = Debug|Any CPU
		{3ACBE07E-349E-4993-846F-37153060167A}.Debug|Any CPU.Build.0 = Debug|Any CPU
		{3ACBE07E-349E-4993-846F-37153060167A}.Release|Any CPU.ActiveCfg = Release|Any CPU
		{3ACBE07E-349E-4993-846F-37153060167A}.Release|Any CPU.Build.0 = Release|Any CPU
	EndGlobalSection
	GlobalSection(SolutionProperties) = preSolution
		HideSolutionNode = FALSE
	EndGlobalSection
	GlobalSection(ExtensibilityGlobals) = postSolution
		SolutionGuid = {4D5A9A66-ACA9-4605-8178-983A42840ED0}
	EndGlobalSection
EndGlobal
