
Microsoft Visual Studio Solution File, Format Version 12.00
# Visual Studio Version 16
VisualStudioVersion = 16.0.29123.89
MinimumVisualStudioVersion = 10.0.40219.1
Project("{9A19103F-16F7-4668-BE54-9A1E7A4F7556}") = "MyLeasing.Web", "MyLeasing.Web\MyLeasing.Web.csproj", "{D589E45E-637F-4E54-AFCB-40C55D70886C}"
EndProject
Project("{9A19103F-16F7-4668-BE54-9A1E7A4F7556}") = "MyLeasing.Common", "MyLeasing.Common\MyLeasing.Common.csproj", "{3ACBE07E-349E-4993-846F-37153060167A}"
EndProject
Project("{FAE04EC0-301F-11D3-BF4B-00C04F79EFBC}") = "MyLeasing.Prism", "MyLeasing.Prism\MyLeasing.Prism\MyLeasing.Prism.csproj", "{3EE4DD22-96F1-4831-8364-7A3E9C278921}"
EndProject
Project("{FAE04EC0-301F-11D3-BF4B-00C04F79EFBC}") = "MyLeasing.Prism.Android", "MyLeasing.Prism\MyLeasing.Prism.Android\MyLeasing.Prism.Android.csproj", "{02AA4B28-4478-499D-A495-3B32F3259937}"
EndProject
Project("{FAE04EC0-301F-11D3-BF4B-00C04F79EFBC}") = "MyLeasing.Prism.iOS", "MyLeasing.Prism\MyLeasing.Prism.iOS\MyLeasing.Prism.iOS.csproj", "{3088EA16-7C1E-4614-BDAF-5B37C99DDD8D}"
EndProject
Global
	GlobalSection(SolutionConfigurationPlatforms) = preSolution
		Ad-Hoc|Any CPU = Ad-Hoc|Any CPU
		Ad-Hoc|ARM = Ad-Hoc|ARM
		Ad-Hoc|iPhone = Ad-Hoc|iPhone
		Ad-Hoc|iPhoneSimulator = Ad-Hoc|iPhoneSimulator
		Ad-Hoc|x64 = Ad-Hoc|x64
		Ad-Hoc|x86 = Ad-Hoc|x86
		AppStore|Any CPU = AppStore|Any CPU
		AppStore|ARM = AppStore|ARM
		AppStore|iPhone = AppStore|iPhone
		AppStore|iPhoneSimulator = AppStore|iPhoneSimulator
		AppStore|x64 = AppStore|x64
		AppStore|x86 = AppStore|x86
		Debug|Any CPU = Debug|Any CPU
		Debug|ARM = Debug|ARM
		Debug|iPhone = Debug|iPhone
		Debug|iPhoneSimulator = Debug|iPhoneSimulator
		Debug|x64 = Debug|x64
		Debug|x86 = Debug|x86
		Release|Any CPU = Release|Any CPU
		Release|ARM = Release|ARM
		Release|iPhone = Release|iPhone
		Release|iPhoneSimulator = Release|iPhoneSimulator
		Release|x64 = Release|x64
		Release|x86 = Release|x86
	EndGlobalSection
	GlobalSection(ProjectConfigurationPlatforms) = postSolution
		{D589E45E-637F-4E54-AFCB-40C55D70886C}.Ad-Hoc|Any CPU.ActiveCfg = Release|Any CPU
		{D589E45E-637F-4E54-AFCB-40C55D70886C}.Ad-Hoc|Any CPU.Build.0 = Release|Any CPU
		{D589E45E-637F-4E54-AFCB-40C55D70886C}.Ad-Hoc|ARM.ActiveCfg = Release|Any CPU
		{D589E45E-637F-4E54-AFCB-40C55D70886C}.Ad-Hoc|ARM.Build.0 = Release|Any CPU
		{D589E45E-637F-4E54-AFCB-40C55D70886C}.Ad-Hoc|iPhone.ActiveCfg = Release|Any CPU
		{D589E45E-637F-4E54-AFCB-40C55D70886C}.Ad-Hoc|iPhone.Build.0 = Release|Any CPU
		{D589E45E-637F-4E54-AFCB-40C55D70886C}.Ad-Hoc|iPhoneSimulator.ActiveCfg = Release|Any CPU
		{D589E45E-637F-4E54-AFCB-40C55D70886C}.Ad-Hoc|iPhoneSimulator.Build.0 = Release|Any CPU
		{D589E45E-637F-4E54-AFCB-40C55D70886C}.Ad-Hoc|x64.ActiveCfg = Release|Any CPU
		{D589E45E-637F-4E54-AFCB-40C55D70886C}.Ad-Hoc|x64.Build.0 = Release|Any CPU
		{D589E45E-637F-4E54-AFCB-40C55D70886C}.Ad-Hoc|x86.ActiveCfg = Release|Any CPU
		{D589E45E-637F-4E54-AFCB-40C55D70886C}.Ad-Hoc|x86.Build.0 = Release|Any CPU
		{D589E45E-637F-4E54-AFCB-40C55D70886C}.AppStore|Any CPU.ActiveCfg = Release|Any CPU
		{D589E45E-637F-4E54-AFCB-40C55D70886C}.AppStore|Any CPU.Build.0 = Release|Any CPU
		{D589E45E-637F-4E54-AFCB-40C55D70886C}.AppStore|ARM.ActiveCfg = Release|Any CPU
		{D589E45E-637F-4E54-AFCB-40C55D70886C}.AppStore|ARM.Build.0 = Release|Any CPU
		{D589E45E-637F-4E54-AFCB-40C55D70886C}.AppStore|iPhone.ActiveCfg = Release|Any CPU
		{D589E45E-637F-4E54-AFCB-40C55D70886C}.AppStore|iPhone.Build.0 = Release|Any CPU
		{D589E45E-637F-4E54-AFCB-40C55D70886C}.AppStore|iPhoneSimulator.ActiveCfg = Release|Any CPU
		{D589E45E-637F-4E54-AFCB-40C55D70886C}.AppStore|iPhoneSimulator.Build.0 = Release|Any CPU
		{D589E45E-637F-4E54-AFCB-40C55D70886C}.AppStore|x64.ActiveCfg = Release|Any CPU
		{D589E45E-637F-4E54-AFCB-40C55D70886C}.AppStore|x64.Build.0 = Release|Any CPU
		{D589E45E-637F-4E54-AFCB-40C55D70886C}.AppStore|x86.ActiveCfg = Release|Any CPU
		{D589E45E-637F-4E54-AFCB-40C55D70886C}.AppStore|x86.Build.0 = Release|Any CPU
		{D589E45E-637F-4E54-AFCB-40C55D70886C}.Debug|Any CPU.ActiveCfg = Debug|Any CPU
		{D589E45E-637F-4E54-AFCB-40C55D70886C}.Debug|Any CPU.Build.0 = Debug|Any CPU
		{D589E45E-637F-4E54-AFCB-40C55D70886C}.Debug|ARM.ActiveCfg = Debug|Any CPU
		{D589E45E-637F-4E54-AFCB-40C55D70886C}.Debug|ARM.Build.0 = Debug|Any CPU
		{D589E45E-637F-4E54-AFCB-40C55D70886C}.Debug|iPhone.ActiveCfg = Debug|Any CPU
		{D589E45E-637F-4E54-AFCB-40C55D70886C}.Debug|iPhone.Build.0 = Debug|Any CPU
		{D589E45E-637F-4E54-AFCB-40C55D70886C}.Debug|iPhoneSimulator.ActiveCfg = Debug|Any CPU
		{D589E45E-637F-4E54-AFCB-40C55D70886C}.Debug|iPhoneSimulator.Build.0 = Debug|Any CPU
		{D589E45E-637F-4E54-AFCB-40C55D70886C}.Debug|x64.ActiveCfg = Debug|Any CPU
		{D589E45E-637F-4E54-AFCB-40C55D70886C}.Debug|x64.Build.0 = Debug|Any CPU
		{D589E45E-637F-4E54-AFCB-40C55D70886C}.Debug|x86.ActiveCfg = Debug|Any CPU
		{D589E45E-637F-4E54-AFCB-40C55D70886C}.Debug|x86.Build.0 = Debug|Any CPU
		{D589E45E-637F-4E54-AFCB-40C55D70886C}.Release|Any CPU.ActiveCfg = Release|Any CPU
		{D589E45E-637F-4E54-AFCB-40C55D70886C}.Release|Any CPU.Build.0 = Release|Any CPU
		{D589E45E-637F-4E54-AFCB-40C55D70886C}.Release|ARM.ActiveCfg = Release|Any CPU
		{D589E45E-637F-4E54-AFCB-40C55D70886C}.Release|ARM.Build.0 = Release|Any CPU
		{D589E45E-637F-4E54-AFCB-40C55D70886C}.Release|iPhone.ActiveCfg = Release|Any CPU
		{D589E45E-637F-4E54-AFCB-40C55D70886C}.Release|iPhone.Build.0 = Release|Any CPU
		{D589E45E-637F-4E54-AFCB-40C55D70886C}.Release|iPhoneSimulator.ActiveCfg = Release|Any CPU
		{D589E45E-637F-4E54-AFCB-40C55D70886C}.Release|iPhoneSimulator.Build.0 = Release|Any CPU
		{D589E45E-637F-4E54-AFCB-40C55D70886C}.Release|x64.ActiveCfg = Release|Any CPU
		{D589E45E-637F-4E54-AFCB-40C55D70886C}.Release|x64.Build.0 = Release|Any CPU
		{D589E45E-637F-4E54-AFCB-40C55D70886C}.Release|x86.ActiveCfg = Release|Any CPU
		{D589E45E-637F-4E54-AFCB-40C55D70886C}.Release|x86.Build.0 = Release|Any CPU
		{3ACBE07E-349E-4993-846F-37153060167A}.Ad-Hoc|Any CPU.ActiveCfg = Release|Any CPU
		{3ACBE07E-349E-4993-846F-37153060167A}.Ad-Hoc|Any CPU.Build.0 = Release|Any CPU
		{3ACBE07E-349E-4993-846F-37153060167A}.Ad-Hoc|ARM.ActiveCfg = Release|Any CPU
		{3ACBE07E-349E-4993-846F-37153060167A}.Ad-Hoc|ARM.Build.0 = Release|Any CPU
		{3ACBE07E-349E-4993-846F-37153060167A}.Ad-Hoc|iPhone.ActiveCfg = Release|Any CPU
		{3ACBE07E-349E-4993-846F-37153060167A}.Ad-Hoc|iPhone.Build.0 = Release|Any CPU
		{3ACBE07E-349E-4993-846F-37153060167A}.Ad-Hoc|iPhoneSimulator.ActiveCfg = Release|Any CPU
		{3ACBE07E-349E-4993-846F-37153060167A}.Ad-Hoc|iPhoneSimulator.Build.0 = Release|Any CPU
		{3ACBE07E-349E-4993-846F-37153060167A}.Ad-Hoc|x64.ActiveCfg = Release|Any CPU
		{3ACBE07E-349E-4993-846F-37153060167A}.Ad-Hoc|x64.Build.0 = Release|Any CPU
		{3ACBE07E-349E-4993-846F-37153060167A}.Ad-Hoc|x86.ActiveCfg = Release|Any CPU
		{3ACBE07E-349E-4993-846F-37153060167A}.Ad-Hoc|x86.Build.0 = Release|Any CPU
		{3ACBE07E-349E-4993-846F-37153060167A}.AppStore|Any CPU.ActiveCfg = Release|Any CPU
		{3ACBE07E-349E-4993-846F-37153060167A}.AppStore|Any CPU.Build.0 = Release|Any CPU
		{3ACBE07E-349E-4993-846F-37153060167A}.AppStore|ARM.ActiveCfg = Release|Any CPU
		{3ACBE07E-349E-4993-846F-37153060167A}.AppStore|ARM.Build.0 = Release|Any CPU
		{3ACBE07E-349E-4993-846F-37153060167A}.AppStore|iPhone.ActiveCfg = Release|Any CPU
		{3ACBE07E-349E-4993-846F-37153060167A}.AppStore|iPhone.Build.0 = Release|Any CPU
		{3ACBE07E-349E-4993-846F-37153060167A}.AppStore|iPhoneSimulator.ActiveCfg = Release|Any CPU
		{3ACBE07E-349E-4993-846F-37153060167A}.AppStore|iPhoneSimulator.Build.0 = Release|Any CPU
		{3ACBE07E-349E-4993-846F-37153060167A}.AppStore|x64.ActiveCfg = Release|Any CPU
		{3ACBE07E-349E-4993-846F-37153060167A}.AppStore|x64.Build.0 = Release|Any CPU
		{3ACBE07E-349E-4993-846F-37153060167A}.AppStore|x86.ActiveCfg = Release|Any CPU
		{3ACBE07E-349E-4993-846F-37153060167A}.AppStore|x86.Build.0 = Release|Any CPU
		{3ACBE07E-349E-4993-846F-37153060167A}.Debug|Any CPU.ActiveCfg = Debug|Any CPU
		{3ACBE07E-349E-4993-846F-37153060167A}.Debug|Any CPU.Build.0 = Debug|Any CPU
		{3ACBE07E-349E-4993-846F-37153060167A}.Debug|ARM.ActiveCfg = Debug|Any CPU
		{3ACBE07E-349E-4993-846F-37153060167A}.Debug|ARM.Build.0 = Debug|Any CPU
		{3ACBE07E-349E-4993-846F-37153060167A}.Debug|iPhone.ActiveCfg = Debug|Any CPU
		{3ACBE07E-349E-4993-846F-37153060167A}.Debug|iPhone.Build.0 = Debug|Any CPU
		{3ACBE07E-349E-4993-846F-37153060167A}.Debug|iPhoneSimulator.ActiveCfg = Debug|Any CPU
		{3ACBE07E-349E-4993-846F-37153060167A}.Debug|iPhoneSimulator.Build.0 = Debug|Any CPU
		{3ACBE07E-349E-4993-846F-37153060167A}.Debug|x64.ActiveCfg = Debug|Any CPU
		{3ACBE07E-349E-4993-846F-37153060167A}.Debug|x64.Build.0 = Debug|Any CPU
		{3ACBE07E-349E-4993-846F-37153060167A}.Debug|x86.ActiveCfg = Debug|Any CPU
		{3ACBE07E-349E-4993-846F-37153060167A}.Debug|x86.Build.0 = Debug|Any CPU
		{3ACBE07E-349E-4993-846F-37153060167A}.Release|Any CPU.ActiveCfg = Release|Any CPU
		{3ACBE07E-349E-4993-846F-37153060167A}.Release|Any CPU.Build.0 = Release|Any CPU
		{3ACBE07E-349E-4993-846F-37153060167A}.Release|ARM.ActiveCfg = Release|Any CPU
		{3ACBE07E-349E-4993-846F-37153060167A}.Release|ARM.Build.0 = Release|Any CPU
		{3ACBE07E-349E-4993-846F-37153060167A}.Release|iPhone.ActiveCfg = Release|Any CPU
		{3ACBE07E-349E-4993-846F-37153060167A}.Release|iPhone.Build.0 = Release|Any CPU
		{3ACBE07E-349E-4993-846F-37153060167A}.Release|iPhoneSimulator.ActiveCfg = Release|Any CPU
		{3ACBE07E-349E-4993-846F-37153060167A}.Release|iPhoneSimulator.Build.0 = Release|Any CPU
		{3ACBE07E-349E-4993-846F-37153060167A}.Release|x64.ActiveCfg = Release|Any CPU
		{3ACBE07E-349E-4993-846F-37153060167A}.Release|x64.Build.0 = Release|Any CPU
		{3ACBE07E-349E-4993-846F-37153060167A}.Release|x86.ActiveCfg = Release|Any CPU
		{3ACBE07E-349E-4993-846F-37153060167A}.Release|x86.Build.0 = Release|Any CPU
		{3EE4DD22-96F1-4831-8364-7A3E9C278921}.Ad-Hoc|Any CPU.ActiveCfg = Debug|Any CPU
		{3EE4DD22-96F1-4831-8364-7A3E9C278921}.Ad-Hoc|Any CPU.Build.0 = Debug|Any CPU
		{3EE4DD22-96F1-4831-8364-7A3E9C278921}.Ad-Hoc|ARM.ActiveCfg = Debug|Any CPU
		{3EE4DD22-96F1-4831-8364-7A3E9C278921}.Ad-Hoc|ARM.Build.0 = Debug|Any CPU
		{3EE4DD22-96F1-4831-8364-7A3E9C278921}.Ad-Hoc|iPhone.ActiveCfg = Debug|Any CPU
		{3EE4DD22-96F1-4831-8364-7A3E9C278921}.Ad-Hoc|iPhone.Build.0 = Debug|Any CPU
		{3EE4DD22-96F1-4831-8364-7A3E9C278921}.Ad-Hoc|iPhoneSimulator.ActiveCfg = Debug|Any CPU
		{3EE4DD22-96F1-4831-8364-7A3E9C278921}.Ad-Hoc|iPhoneSimulator.Build.0 = Debug|Any CPU
		{3EE4DD22-96F1-4831-8364-7A3E9C278921}.Ad-Hoc|x64.ActiveCfg = Debug|Any CPU
		{3EE4DD22-96F1-4831-8364-7A3E9C278921}.Ad-Hoc|x64.Build.0 = Debug|Any CPU
		{3EE4DD22-96F1-4831-8364-7A3E9C278921}.Ad-Hoc|x86.ActiveCfg = Debug|Any CPU
		{3EE4DD22-96F1-4831-8364-7A3E9C278921}.Ad-Hoc|x86.Build.0 = Debug|Any CPU
		{3EE4DD22-96F1-4831-8364-7A3E9C278921}.AppStore|Any CPU.ActiveCfg = Debug|Any CPU
		{3EE4DD22-96F1-4831-8364-7A3E9C278921}.AppStore|Any CPU.Build.0 = Debug|Any CPU
		{3EE4DD22-96F1-4831-8364-7A3E9C278921}.AppStore|ARM.ActiveCfg = Debug|Any CPU
		{3EE4DD22-96F1-4831-8364-7A3E9C278921}.AppStore|ARM.Build.0 = Debug|Any CPU
		{3EE4DD22-96F1-4831-8364-7A3E9C278921}.AppStore|iPhone.ActiveCfg = Debug|Any CPU
		{3EE4DD22-96F1-4831-8364-7A3E9C278921}.AppStore|iPhone.Build.0 = Debug|Any CPU
		{3EE4DD22-96F1-4831-8364-7A3E9C278921}.AppStore|iPhoneSimulator.ActiveCfg = Debug|Any CPU
		{3EE4DD22-96F1-4831-8364-7A3E9C278921}.AppStore|iPhoneSimulator.Build.0 = Debug|Any CPU
		{3EE4DD22-96F1-4831-8364-7A3E9C278921}.AppStore|x64.ActiveCfg = Debug|Any CPU
		{3EE4DD22-96F1-4831-8364-7A3E9C278921}.AppStore|x64.Build.0 = Debug|Any CPU
		{3EE4DD22-96F1-4831-8364-7A3E9C278921}.AppStore|x86.ActiveCfg = Debug|Any CPU
		{3EE4DD22-96F1-4831-8364-7A3E9C278921}.AppStore|x86.Build.0 = Debug|Any CPU
		{3EE4DD22-96F1-4831-8364-7A3E9C278921}.Debug|Any CPU.ActiveCfg = Debug|Any CPU
		{3EE4DD22-96F1-4831-8364-7A3E9C278921}.Debug|Any CPU.Build.0 = Debug|Any CPU
		{3EE4DD22-96F1-4831-8364-7A3E9C278921}.Debug|ARM.ActiveCfg = Debug|Any CPU
		{3EE4DD22-96F1-4831-8364-7A3E9C278921}.Debug|ARM.Build.0 = Debug|Any CPU
		{3EE4DD22-96F1-4831-8364-7A3E9C278921}.Debug|iPhone.ActiveCfg = Debug|Any CPU
		{3EE4DD22-96F1-4831-8364-7A3E9C278921}.Debug|iPhone.Build.0 = Debug|Any CPU
		{3EE4DD22-96F1-4831-8364-7A3E9C278921}.Debug|iPhoneSimulator.ActiveCfg = Debug|Any CPU
		{3EE4DD22-96F1-4831-8364-7A3E9C278921}.Debug|iPhoneSimulator.Build.0 = Debug|Any CPU
		{3EE4DD22-96F1-4831-8364-7A3E9C278921}.Debug|x64.ActiveCfg = Debug|Any CPU
		{3EE4DD22-96F1-4831-8364-7A3E9C278921}.Debug|x64.Build.0 = Debug|Any CPU
		{3EE4DD22-96F1-4831-8364-7A3E9C278921}.Debug|x86.ActiveCfg = Debug|Any CPU
		{3EE4DD22-96F1-4831-8364-7A3E9C278921}.Debug|x86.Build.0 = Debug|Any CPU
		{3EE4DD22-96F1-4831-8364-7A3E9C278921}.Release|Any CPU.ActiveCfg = Release|Any CPU
		{3EE4DD22-96F1-4831-8364-7A3E9C278921}.Release|Any CPU.Build.0 = Release|Any CPU
		{3EE4DD22-96F1-4831-8364-7A3E9C278921}.Release|ARM.ActiveCfg = Release|Any CPU
		{3EE4DD22-96F1-4831-8364-7A3E9C278921}.Release|ARM.Build.0 = Release|Any CPU
		{3EE4DD22-96F1-4831-8364-7A3E9C278921}.Release|iPhone.ActiveCfg = Release|Any CPU
		{3EE4DD22-96F1-4831-8364-7A3E9C278921}.Release|iPhone.Build.0 = Release|Any CPU
		{3EE4DD22-96F1-4831-8364-7A3E9C278921}.Release|iPhoneSimulator.ActiveCfg = Release|Any CPU
		{3EE4DD22-96F1-4831-8364-7A3E9C278921}.Release|iPhoneSimulator.Build.0 = Release|Any CPU
		{3EE4DD22-96F1-4831-8364-7A3E9C278921}.Release|x64.ActiveCfg = Release|Any CPU
		{3EE4DD22-96F1-4831-8364-7A3E9C278921}.Release|x64.Build.0 = Release|Any CPU
		{3EE4DD22-96F1-4831-8364-7A3E9C278921}.Release|x86.ActiveCfg = Release|Any CPU
		{3EE4DD22-96F1-4831-8364-7A3E9C278921}.Release|x86.Build.0 = Release|Any CPU
		{02AA4B28-4478-499D-A495-3B32F3259937}.Ad-Hoc|Any CPU.ActiveCfg = Release|Any CPU
		{02AA4B28-4478-499D-A495-3B32F3259937}.Ad-Hoc|Any CPU.Build.0 = Release|Any CPU
		{02AA4B28-4478-499D-A495-3B32F3259937}.Ad-Hoc|Any CPU.Deploy.0 = Release|Any CPU
		{02AA4B28-4478-499D-A495-3B32F3259937}.Ad-Hoc|ARM.ActiveCfg = Release|Any CPU
		{02AA4B28-4478-499D-A495-3B32F3259937}.Ad-Hoc|ARM.Build.0 = Release|Any CPU
		{02AA4B28-4478-499D-A495-3B32F3259937}.Ad-Hoc|ARM.Deploy.0 = Release|Any CPU
		{02AA4B28-4478-499D-A495-3B32F3259937}.Ad-Hoc|iPhone.ActiveCfg = Release|Any CPU
		{02AA4B28-4478-499D-A495-3B32F3259937}.Ad-Hoc|iPhone.Build.0 = Release|Any CPU
		{02AA4B28-4478-499D-A495-3B32F3259937}.Ad-Hoc|iPhone.Deploy.0 = Release|Any CPU
		{02AA4B28-4478-499D-A495-3B32F3259937}.Ad-Hoc|iPhoneSimulator.ActiveCfg = Release|Any CPU
		{02AA4B28-4478-499D-A495-3B32F3259937}.Ad-Hoc|iPhoneSimulator.Build.0 = Release|Any CPU
		{02AA4B28-4478-499D-A495-3B32F3259937}.Ad-Hoc|iPhoneSimulator.Deploy.0 = Release|Any CPU
		{02AA4B28-4478-499D-A495-3B32F3259937}.Ad-Hoc|x64.ActiveCfg = Release|Any CPU
		{02AA4B28-4478-499D-A495-3B32F3259937}.Ad-Hoc|x64.Build.0 = Release|Any CPU
		{02AA4B28-4478-499D-A495-3B32F3259937}.Ad-Hoc|x64.Deploy.0 = Release|Any CPU
		{02AA4B28-4478-499D-A495-3B32F3259937}.Ad-Hoc|x86.ActiveCfg = Release|Any CPU
		{02AA4B28-4478-499D-A495-3B32F3259937}.Ad-Hoc|x86.Build.0 = Release|Any CPU
		{02AA4B28-4478-499D-A495-3B32F3259937}.Ad-Hoc|x86.Deploy.0 = Release|Any CPU
		{02AA4B28-4478-499D-A495-3B32F3259937}.AppStore|Any CPU.ActiveCfg = Release|Any CPU
		{02AA4B28-4478-499D-A495-3B32F3259937}.AppStore|Any CPU.Build.0 = Release|Any CPU
		{02AA4B28-4478-499D-A495-3B32F3259937}.AppStore|Any CPU.Deploy.0 = Release|Any CPU
		{02AA4B28-4478-499D-A495-3B32F3259937}.AppStore|ARM.ActiveCfg = Release|Any CPU
		{02AA4B28-4478-499D-A495-3B32F3259937}.AppStore|ARM.Build.0 = Release|Any CPU
		{02AA4B28-4478-499D-A495-3B32F3259937}.AppStore|ARM.Deploy.0 = Release|Any CPU
		{02AA4B28-4478-499D-A495-3B32F3259937}.AppStore|iPhone.ActiveCfg = Release|Any CPU
		{02AA4B28-4478-499D-A495-3B32F3259937}.AppStore|iPhone.Build.0 = Release|Any CPU
		{02AA4B28-4478-499D-A495-3B32F3259937}.AppStore|iPhone.Deploy.0 = Release|Any CPU
		{02AA4B28-4478-499D-A495-3B32F3259937}.AppStore|iPhoneSimulator.ActiveCfg = Release|Any CPU
		{02AA4B28-4478-499D-A495-3B32F3259937}.AppStore|iPhoneSimulator.Build.0 = Release|Any CPU
		{02AA4B28-4478-499D-A495-3B32F3259937}.AppStore|iPhoneSimulator.Deploy.0 = Release|Any CPU
		{02AA4B28-4478-499D-A495-3B32F3259937}.AppStore|x64.ActiveCfg = Release|Any CPU
		{02AA4B28-4478-499D-A495-3B32F3259937}.AppStore|x64.Build.0 = Release|Any CPU
		{02AA4B28-4478-499D-A495-3B32F3259937}.AppStore|x64.Deploy.0 = Release|Any CPU
		{02AA4B28-4478-499D-A495-3B32F3259937}.AppStore|x86.ActiveCfg = Release|Any CPU
		{02AA4B28-4478-499D-A495-3B32F3259937}.AppStore|x86.Build.0 = Release|Any CPU
		{02AA4B28-4478-499D-A495-3B32F3259937}.AppStore|x86.Deploy.0 = Release|Any CPU
		{02AA4B28-4478-499D-A495-3B32F3259937}.Debug|Any CPU.ActiveCfg = Debug|Any CPU
		{02AA4B28-4478-499D-A495-3B32F3259937}.Debug|Any CPU.Build.0 = Debug|Any CPU
		{02AA4B28-4478-499D-A495-3B32F3259937}.Debug|Any CPU.Deploy.0 = Debug|Any CPU
		{02AA4B28-4478-499D-A495-3B32F3259937}.Debug|ARM.ActiveCfg = Debug|Any CPU
		{02AA4B28-4478-499D-A495-3B32F3259937}.Debug|ARM.Build.0 = Debug|Any CPU
		{02AA4B28-4478-499D-A495-3B32F3259937}.Debug|ARM.Deploy.0 = Debug|Any CPU
		{02AA4B28-4478-499D-A495-3B32F3259937}.Debug|iPhone.ActiveCfg = Debug|Any CPU
		{02AA4B28-4478-499D-A495-3B32F3259937}.Debug|iPhone.Build.0 = Debug|Any CPU
		{02AA4B28-4478-499D-A495-3B32F3259937}.Debug|iPhone.Deploy.0 = Debug|Any CPU
		{02AA4B28-4478-499D-A495-3B32F3259937}.Debug|iPhoneSimulator.ActiveCfg = Debug|Any CPU
		{02AA4B28-4478-499D-A495-3B32F3259937}.Debug|iPhoneSimulator.Build.0 = Debug|Any CPU
		{02AA4B28-4478-499D-A495-3B32F3259937}.Debug|iPhoneSimulator.Deploy.0 = Debug|Any CPU
		{02AA4B28-4478-499D-A495-3B32F3259937}.Debug|x64.ActiveCfg = Debug|Any CPU
		{02AA4B28-4478-499D-A495-3B32F3259937}.Debug|x64.Build.0 = Debug|Any CPU
		{02AA4B28-4478-499D-A495-3B32F3259937}.Debug|x64.Deploy.0 = Debug|Any CPU
		{02AA4B28-4478-499D-A495-3B32F3259937}.Debug|x86.ActiveCfg = Debug|Any CPU
		{02AA4B28-4478-499D-A495-3B32F3259937}.Debug|x86.Build.0 = Debug|Any CPU
		{02AA4B28-4478-499D-A495-3B32F3259937}.Debug|x86.Deploy.0 = Debug|Any CPU
		{02AA4B28-4478-499D-A495-3B32F3259937}.Release|Any CPU.ActiveCfg = Release|Any CPU
		{02AA4B28-4478-499D-A495-3B32F3259937}.Release|Any CPU.Build.0 = Release|Any CPU
		{02AA4B28-4478-499D-A495-3B32F3259937}.Release|Any CPU.Deploy.0 = Release|Any CPU
		{02AA4B28-4478-499D-A495-3B32F3259937}.Release|ARM.ActiveCfg = Release|Any CPU
		{02AA4B28-4478-499D-A495-3B32F3259937}.Release|ARM.Build.0 = Release|Any CPU
		{02AA4B28-4478-499D-A495-3B32F3259937}.Release|ARM.Deploy.0 = Release|Any CPU
		{02AA4B28-4478-499D-A495-3B32F3259937}.Release|iPhone.ActiveCfg = Release|Any CPU
		{02AA4B28-4478-499D-A495-3B32F3259937}.Release|iPhone.Build.0 = Release|Any CPU
		{02AA4B28-4478-499D-A495-3B32F3259937}.Release|iPhone.Deploy.0 = Release|Any CPU
		{02AA4B28-4478-499D-A495-3B32F3259937}.Release|iPhoneSimulator.ActiveCfg = Release|Any CPU
		{02AA4B28-4478-499D-A495-3B32F3259937}.Release|iPhoneSimulator.Build.0 = Release|Any CPU
		{02AA4B28-4478-499D-A495-3B32F3259937}.Release|iPhoneSimulator.Deploy.0 = Release|Any CPU
		{02AA4B28-4478-499D-A495-3B32F3259937}.Release|x64.ActiveCfg = Release|Any CPU
		{02AA4B28-4478-499D-A495-3B32F3259937}.Release|x64.Build.0 = Release|Any CPU
		{02AA4B28-4478-499D-A495-3B32F3259937}.Release|x64.Deploy.0 = Release|Any CPU
		{02AA4B28-4478-499D-A495-3B32F3259937}.Release|x86.ActiveCfg = Release|Any CPU
		{02AA4B28-4478-499D-A495-3B32F3259937}.Release|x86.Build.0 = Release|Any CPU
		{02AA4B28-4478-499D-A495-3B32F3259937}.Release|x86.Deploy.0 = Release|Any CPU
		{3088EA16-7C1E-4614-BDAF-5B37C99DDD8D}.Ad-Hoc|Any CPU.ActiveCfg = Ad-Hoc|iPhone
		{3088EA16-7C1E-4614-BDAF-5B37C99DDD8D}.Ad-Hoc|ARM.ActiveCfg = Ad-Hoc|iPhone
		{3088EA16-7C1E-4614-BDAF-5B37C99DDD8D}.Ad-Hoc|iPhone.ActiveCfg = Ad-Hoc|iPhone
		{3088EA16-7C1E-4614-BDAF-5B37C99DDD8D}.Ad-Hoc|iPhone.Build.0 = Ad-Hoc|iPhone
		{3088EA16-7C1E-4614-BDAF-5B37C99DDD8D}.Ad-Hoc|iPhoneSimulator.ActiveCfg = Ad-Hoc|iPhoneSimulator
		{3088EA16-7C1E-4614-BDAF-5B37C99DDD8D}.Ad-Hoc|iPhoneSimulator.Build.0 = Ad-Hoc|iPhoneSimulator
		{3088EA16-7C1E-4614-BDAF-5B37C99DDD8D}.Ad-Hoc|x64.ActiveCfg = Ad-Hoc|iPhone
		{3088EA16-7C1E-4614-BDAF-5B37C99DDD8D}.Ad-Hoc|x86.ActiveCfg = Ad-Hoc|iPhone
		{3088EA16-7C1E-4614-BDAF-5B37C99DDD8D}.AppStore|Any CPU.ActiveCfg = AppStore|iPhone
		{3088EA16-7C1E-4614-BDAF-5B37C99DDD8D}.AppStore|ARM.ActiveCfg = AppStore|iPhone
		{3088EA16-7C1E-4614-BDAF-5B37C99DDD8D}.AppStore|iPhone.ActiveCfg = AppStore|iPhone
		{3088EA16-7C1E-4614-BDAF-5B37C99DDD8D}.AppStore|iPhone.Build.0 = AppStore|iPhone
		{3088EA16-7C1E-4614-BDAF-5B37C99DDD8D}.AppStore|iPhoneSimulator.ActiveCfg = AppStore|iPhoneSimulator
		{3088EA16-7C1E-4614-BDAF-5B37C99DDD8D}.AppStore|iPhoneSimulator.Build.0 = AppStore|iPhoneSimulator
		{3088EA16-7C1E-4614-BDAF-5B37C99DDD8D}.AppStore|x64.ActiveCfg = AppStore|iPhone
		{3088EA16-7C1E-4614-BDAF-5B37C99DDD8D}.AppStore|x86.ActiveCfg = AppStore|iPhone
		{3088EA16-7C1E-4614-BDAF-5B37C99DDD8D}.Debug|Any CPU.ActiveCfg = Debug|iPhone
		{3088EA16-7C1E-4614-BDAF-5B37C99DDD8D}.Debug|ARM.ActiveCfg = Debug|iPhone
		{3088EA16-7C1E-4614-BDAF-5B37C99DDD8D}.Debug|iPhone.ActiveCfg = Debug|iPhone
		{3088EA16-7C1E-4614-BDAF-5B37C99DDD8D}.Debug|iPhone.Build.0 = Debug|iPhone
		{3088EA16-7C1E-4614-BDAF-5B37C99DDD8D}.Debug|iPhoneSimulator.ActiveCfg = Debug|iPhoneSimulator
		{3088EA16-7C1E-4614-BDAF-5B37C99DDD8D}.Debug|iPhoneSimulator.Build.0 = Debug|iPhoneSimulator
		{3088EA16-7C1E-4614-BDAF-5B37C99DDD8D}.Debug|x64.ActiveCfg = Debug|iPhone
		{3088EA16-7C1E-4614-BDAF-5B37C99DDD8D}.Debug|x86.ActiveCfg = Debug|iPhone
		{3088EA16-7C1E-4614-BDAF-5B37C99DDD8D}.Release|Any CPU.ActiveCfg = Release|iPhone
		{3088EA16-7C1E-4614-BDAF-5B37C99DDD8D}.Release|ARM.ActiveCfg = Release|iPhone
		{3088EA16-7C1E-4614-BDAF-5B37C99DDD8D}.Release|iPhone.ActiveCfg = Release|iPhone
		{3088EA16-7C1E-4614-BDAF-5B37C99DDD8D}.Release|iPhone.Build.0 = Release|iPhone
		{3088EA16-7C1E-4614-BDAF-5B37C99DDD8D}.Release|iPhoneSimulator.ActiveCfg = Release|iPhoneSimulator
		{3088EA16-7C1E-4614-BDAF-5B37C99DDD8D}.Release|iPhoneSimulator.Build.0 = Release|iPhoneSimulator
		{3088EA16-7C1E-4614-BDAF-5B37C99DDD8D}.Release|x64.ActiveCfg = Release|iPhone
		{3088EA16-7C1E-4614-BDAF-5B37C99DDD8D}.Release|x86.ActiveCfg = Release|iPhone
	EndGlobalSection
	GlobalSection(SolutionProperties) = preSolution
		HideSolutionNode = FALSE
	EndGlobalSection
	GlobalSection(ExtensibilityGlobals) = postSolution
		SolutionGuid = {4D5A9A66-ACA9-4605-8178-983A42840ED0}
	EndGlobalSection
EndGlobal
